<Solution>
  <Folder Name="/SolutionItems/">
    <File Path=".editorconfig" />
    <File Path=".gitattributes" />
    <File Path=".gitignore" />
    <File Path="README.md" />
  </Folder>
  <Project Path="R3.JsonConfig.Demo.Composition/R3.JsonConfig.Demo.Composition.csproj" Id="446c49b7-56df-47dd-a497-95dbab62022c" />
  <Project Path="R3.JsonConfig.Demo.Entity1/R3.JsonConfig.Demo.Entity1.csproj" />
  <Project Path="R3.JsonConfig.Demo.Entity2/R3.JsonConfig.Demo.Entity2.csproj" />
  <Project Path="R3.JsonConfig.Demo/R3.JsonConfig.Demo.csproj" />
  <Project Path="R3.JsonConfig.Generators/R3.JsonConfig.Generators.csproj" />
  <Project Path="R3.JsonConfig.Tests/R3.JsonConfig.Tests.csproj" />
  <Project Path="R3.JsonConfig/R3.JsonConfig.csproj" />
</Solution>
